
Microsoft Visual Studio Solution File, Format Version 11.00
# Visual Studio 2010
Project("{F184B08F-C81C-45F6-A57F-5ABD9991F28F}") = "Üye Ol", "Üye Ol\Üye Ol.vbproj", "{470A434D-5C50-4E45-B645-E7D21BD75C24}"
EndProject
Global
	GlobalSection(SolutionConfigurationPlatforms) = preSolution
		Debug|x86 = Debug|x86
		Release|x86 = Release|x86
	EndGlobalSection
	GlobalSection(ProjectConfigurationPlatforms) = postSolution
		{470A434D-5C50-4E45-B645-E7D21BD75C24}.Debug|x86.ActiveCfg = Debug|x86
		{470A434D-5C50-4E45-B645-E7D21BD75C24}.Debug|x86.Build.0 = Debug|x86
		{470A434D-5C50-4E45-B645-E7D21BD75C24}.Release|x86.ActiveCfg = Release|x86
		{470A434D-5C50-4E45-B645-E7D21BD75C24}.Release|x86.Build.0 = Release|x86
	EndGlobalSection
	GlobalSection(SolutionProperties) = preSolution
		HideSolutionNode = FALSE
	EndGlobalSection
EndGlobal
